
Microsoft Visual Studio Solution File, Format Version 12.00
# Visual Studio Version 17
VisualStudioVersion = 17.0.32014.148
MinimumVisualStudioVersion = 10.0.40219.1
Project("{FAE04EC0-301F-11D3-BF4B-00C04F79EFBC}") = "PPlusDostepy", "PPlusDostepy\PPlusDostepy.csproj", "{B716EDB7-9E17-4DE6-9CDE-4116D7C20A45}"
EndProject
Global
	GlobalSection(SolutionConfigurationPlatforms) = preSolution
		Debug|Any CPU = Debug|Any CPU
		Release|Any CPU = Release|Any CPU
	EndGlobalSection
	GlobalSection(ProjectConfigurationPlatforms) = postSolution
		{B716EDB7-9E17-4DE6-9CDE-4116D7C20A45}.Debug|Any CPU.ActiveCfg = Debug|Any CPU
		{B716EDB7-9E17-4DE6-9CDE-4116D7C20A45}.Debug|Any CPU.Build.0 = Debug|Any CPU
		{B716EDB7-9E17-4DE6-9CDE-4116D7C20A45}.Release|Any CPU.ActiveCfg = Release|Any CPU
		{B716EDB7-9E17-4DE6-9CDE-4116D7C20A45}.Release|Any CPU.Build.0 = Release|Any CPU
	EndGlobalSection
	GlobalSection(SolutionProperties) = preSolution
		HideSolutionNode = FALSE
	EndGlobalSection
	GlobalSection(ExtensibilityGlobals) = postSolution
		SolutionGuid = {B448E259-7035-40B4-A816-9C3FDFA128CD}
	EndGlobalSection
EndGlobal
